
Microsoft Visual Studio Solution File, Format Version 12.00
# Visual Studio 15
VisualStudioVersion = 15.0.27703.2047
MinimumVisualStudioVersion = 10.0.40219.1
Project("{FAE04EC0-301F-11D3-BF4B-00C04F79EFBC}") = "LoL Summoner Spells", "LoL Summoners Spells\LoL Summoner Spells.csproj", "{9F59EEF9-20E2-483E-9422-8305A7E7FD76}"
EndProject
Global
	GlobalSection(SolutionConfigurationPlatforms) = preSolution
		Debug|Any CPU = Debug|Any CPU
		Release|Any CPU = Release|Any CPU
	EndGlobalSection
	GlobalSection(ProjectConfigurationPlatforms) = postSolution
		{9F59EEF9-20E2-483E-9422-8305A7E7FD76}.Debug|Any CPU.ActiveCfg = Debug|Any CPU
		{9F59EEF9-20E2-483E-9422-8305A7E7FD76}.Debug|Any CPU.Build.0 = Debug|Any CPU
		{9F59EEF9-20E2-483E-9422-8305A7E7FD76}.Release|Any CPU.ActiveCfg = Release|Any CPU
		{9F59EEF9-20E2-483E-9422-8305A7E7FD76}.Release|Any CPU.Build.0 = Release|Any CPU
	EndGlobalSection
	GlobalSection(SolutionProperties) = preSolution
		HideSolutionNode = FALSE
	EndGlobalSection
	GlobalSection(ExtensibilityGlobals) = postSolution
		SolutionGuid = {C3990D0B-3CBB-4792-AD1A-D579399484E0}
	EndGlobalSection
EndGlobal
